
Microsoft Visual Studio Solution File, Format Version 12.00
# Visual Studio Version 17
VisualStudioVersion = 17.12.35506.116
MinimumVisualStudioVersion = 10.0.40219.1
Project("{FAE04EC0-301F-11D3-BF4B-00C04F79EFBC}") = "Frame", "框架\Frame.csproj", "{A43B62F8-398A-4605-A5B8-02FC95C3FECA}"
EndProject
Project("{FAE04EC0-301F-11D3-BF4B-00C04F79EFBC}") = "WPF_NET", "WPF_NET\WPF_NET.csproj", "{356072F9-6EF4-4B40-8549-2A42B08DCA2D}"
EndProject
Project("{54435603-DBB4-11D2-8724-00A0C9A8B90C}") = "Pkn上位机", "Pkn上位机\Pkn上位机.vdproj", "{8A08C965-59CC-FD02-872F-EF53191E8B96}"
EndProject
Global
	GlobalSection(SolutionConfigurationPlatforms) = preSolution
		Debug|Any CPU = Debug|Any CPU
		Release|Any CPU = Release|Any CPU
	EndGlobalSection
	GlobalSection(ProjectConfigurationPlatforms) = postSolution
		{A43B62F8-398A-4605-A5B8-02FC95C3FECA}.Debug|Any CPU.ActiveCfg = Debug|Any CPU
		{A43B62F8-398A-4605-A5B8-02FC95C3FECA}.Debug|Any CPU.Build.0 = Debug|Any CPU
		{A43B62F8-398A-4605-A5B8-02FC95C3FECA}.Release|Any CPU.ActiveCfg = Release|Any CPU
		{A43B62F8-398A-4605-A5B8-02FC95C3FECA}.Release|Any CPU.Build.0 = Release|Any CPU
		{356072F9-6EF4-4B40-8549-2A42B08DCA2D}.Debug|Any CPU.ActiveCfg = Debug|Any CPU
		{356072F9-6EF4-4B40-8549-2A42B08DCA2D}.Debug|Any CPU.Build.0 = Debug|Any CPU
		{356072F9-6EF4-4B40-8549-2A42B08DCA2D}.Release|Any CPU.ActiveCfg = Release|Any CPU
		{356072F9-6EF4-4B40-8549-2A42B08DCA2D}.Release|Any CPU.Build.0 = Release|Any CPU
		{8A08C965-59CC-FD02-872F-EF53191E8B96}.Debug|Any CPU.ActiveCfg = Debug
		{8A08C965-59CC-FD02-872F-EF53191E8B96}.Release|Any CPU.ActiveCfg = Release
	EndGlobalSection
	GlobalSection(SolutionProperties) = preSolution
		HideSolutionNode = FALSE
	EndGlobalSection
	GlobalSection(ExtensibilityGlobals) = postSolution
		SolutionGuid = {D0BB3D79-40A5-444F-9533-243BB2BE59C9}
	EndGlobalSection
EndGlobal
