
Microsoft Visual Studio Solution File, Format Version 12.00
# Visual Studio Version 17
VisualStudioVersion = 17.12.35506.116
MinimumVisualStudioVersion = 10.0.40219.1
Project("{FAE04EC0-301F-11D3-BF4B-00C04F79EFBC}") = "Pkn_HostSystem", "Pkn_HostSystem\Pkn_HostSystem.csproj", "{1CF1D904-1A48-2E67-8805-207512731795}"
EndProject
Project("{2150E333-8FDC-42A3-9474-1A3956D46DE8}") = "Solution Items", "Solution Items", "{02EA681E-C7D8-13C7-8484-4AC65E1B71E8}"
EndProject
Project("{54435603-DBB4-11D2-8724-00A0C9A8B90C}") = "Pkn_HostSystem_Setup", "Pkn_HostSystem_Setup\Pkn_HostSystem_Setup.vdproj", "{516340D9-195C-F1BD-46F4-B9CED9AA8285}"
EndProject
Project("{FAE04EC0-301F-11D3-BF4B-00C04F79EFBC}") = "Pkn_HostSystem_Wix_V3", "Pkn_HostSystem_Wix\Pkn_HostSystem_Wix_V3.csproj", "{71F30AC9-9BD5-49DC-8F6A-D129BF0BCCBB}"
	ProjectSection(ProjectDependencies) = postProject
		{1CF1D904-1A48-2E67-8805-207512731795} = {1CF1D904-1A48-2E67-8805-207512731795}
	EndProjectSection
EndProject
Project("{FAE04EC0-301F-11D3-BF4B-00C04F79EFBC}") = "Pkn_HostSystem_Wix_V4_Bootstrapper", "Pkn_HostSystem_Wix_V4_Bootstrapper\Pkn_HostSystem_Wix_V4_Bootstrapper.csproj", "{FA015E6D-90F0-4B12-BCCF-C5AA41C815D2}"
EndProject
Project("{FAE04EC0-301F-11D3-BF4B-00C04F79EFBC}") = "Pkn_HostSystem_Wix_.NETCore", "Pkn_HostSystem_Wix_.NETCore\Pkn_HostSystem_Wix_.NETCore.csproj", "{587A64FC-62A4-F0AF-C181-CE022A31236B}"
EndProject
Global
	GlobalSection(SolutionConfigurationPlatforms) = preSolution
		Debug|Any CPU = Debug|Any CPU
		Debug|x86 = Debug|x86
		Release|Any CPU = Release|Any CPU
		Release|x86 = Release|x86
	EndGlobalSection
	GlobalSection(ProjectConfigurationPlatforms) = postSolution
		{1CF1D904-1A48-2E67-8805-207512731795}.Debug|Any CPU.ActiveCfg = Debug|Any CPU
		{1CF1D904-1A48-2E67-8805-207512731795}.Debug|Any CPU.Build.0 = Debug|Any CPU
		{1CF1D904-1A48-2E67-8805-207512731795}.Debug|x86.ActiveCfg = Debug|Any CPU
		{1CF1D904-1A48-2E67-8805-207512731795}.Debug|x86.Build.0 = Debug|Any CPU
		{1CF1D904-1A48-2E67-8805-207512731795}.Release|Any CPU.ActiveCfg = Release|Any CPU
		{1CF1D904-1A48-2E67-8805-207512731795}.Release|Any CPU.Build.0 = Release|Any CPU
		{1CF1D904-1A48-2E67-8805-207512731795}.Release|x86.ActiveCfg = Release|Any CPU
		{1CF1D904-1A48-2E67-8805-207512731795}.Release|x86.Build.0 = Release|Any CPU
		{516340D9-195C-F1BD-46F4-B9CED9AA8285}.Debug|Any CPU.ActiveCfg = Debug
		{516340D9-195C-F1BD-46F4-B9CED9AA8285}.Debug|x86.ActiveCfg = Debug
		{516340D9-195C-F1BD-46F4-B9CED9AA8285}.Debug|x86.Build.0 = Debug
		{516340D9-195C-F1BD-46F4-B9CED9AA8285}.Release|Any CPU.ActiveCfg = Release
		{516340D9-195C-F1BD-46F4-B9CED9AA8285}.Release|x86.ActiveCfg = Release
		{516340D9-195C-F1BD-46F4-B9CED9AA8285}.Release|x86.Build.0 = Release
		{71F30AC9-9BD5-49DC-8F6A-D129BF0BCCBB}.Debug|Any CPU.ActiveCfg = Debug|Any CPU
		{71F30AC9-9BD5-49DC-8F6A-D129BF0BCCBB}.Debug|Any CPU.Build.0 = Debug|Any CPU
		{71F30AC9-9BD5-49DC-8F6A-D129BF0BCCBB}.Debug|x86.ActiveCfg = Debug|Any CPU
		{71F30AC9-9BD5-49DC-8F6A-D129BF0BCCBB}.Debug|x86.Build.0 = Debug|Any CPU
		{71F30AC9-9BD5-49DC-8F6A-D129BF0BCCBB}.Release|Any CPU.ActiveCfg = Release|Any CPU
		{71F30AC9-9BD5-49DC-8F6A-D129BF0BCCBB}.Release|Any CPU.Build.0 = Release|Any CPU
		{71F30AC9-9BD5-49DC-8F6A-D129BF0BCCBB}.Release|x86.ActiveCfg = Release|Any CPU
		{71F30AC9-9BD5-49DC-8F6A-D129BF0BCCBB}.Release|x86.Build.0 = Release|Any CPU
		{FA015E6D-90F0-4B12-BCCF-C5AA41C815D2}.Debug|Any CPU.ActiveCfg = Debug|Any CPU
		{FA015E6D-90F0-4B12-BCCF-C5AA41C815D2}.Debug|Any CPU.Build.0 = Debug|Any CPU
		{FA015E6D-90F0-4B12-BCCF-C5AA41C815D2}.Debug|x86.ActiveCfg = Debug|Any CPU
		{FA015E6D-90F0-4B12-BCCF-C5AA41C815D2}.Debug|x86.Build.0 = Debug|Any CPU
		{FA015E6D-90F0-4B12-BCCF-C5AA41C815D2}.Release|Any CPU.ActiveCfg = Release|Any CPU
		{FA015E6D-90F0-4B12-BCCF-C5AA41C815D2}.Release|Any CPU.Build.0 = Release|Any CPU
		{FA015E6D-90F0-4B12-BCCF-C5AA41C815D2}.Release|x86.ActiveCfg = Release|Any CPU
		{FA015E6D-90F0-4B12-BCCF-C5AA41C815D2}.Release|x86.Build.0 = Release|Any CPU
		{587A64FC-62A4-F0AF-C181-CE022A31236B}.Debug|Any CPU.ActiveCfg = Debug|Any CPU
		{587A64FC-62A4-F0AF-C181-CE022A31236B}.Debug|Any CPU.Build.0 = Debug|Any CPU
		{587A64FC-62A4-F0AF-C181-CE022A31236B}.Debug|x86.ActiveCfg = Debug|Any CPU
		{587A64FC-62A4-F0AF-C181-CE022A31236B}.Debug|x86.Build.0 = Debug|Any CPU
		{587A64FC-62A4-F0AF-C181-CE022A31236B}.Release|Any CPU.ActiveCfg = Release|Any CPU
		{587A64FC-62A4-F0AF-C181-CE022A31236B}.Release|Any CPU.Build.0 = Release|Any CPU
		{587A64FC-62A4-F0AF-C181-CE022A31236B}.Release|x86.ActiveCfg = Release|Any CPU
		{587A64FC-62A4-F0AF-C181-CE022A31236B}.Release|x86.Build.0 = Release|Any CPU
	EndGlobalSection
	GlobalSection(SolutionProperties) = preSolution
		HideSolutionNode = FALSE
	EndGlobalSection
	GlobalSection(ExtensibilityGlobals) = postSolution
		SolutionGuid = {D0BB3D79-40A5-444F-9533-243BB2BE59C9}
	EndGlobalSection
EndGlobal
